{"1.2.0",
[{<<"cedb">>,
  {git,"https://github.com/hachreak/cedb.git",
       {ref,"b1b4768c3d8b954d339a607e202dcceb757b71b3"}},
  1},
 {<<"certifi">>,{pkg,<<"certifi">>,<<"2.6.1">>},1},
 {<<"color">>,
  {git,"https://github.com/julianduque/erlang-color.git",
       {ref,"2e538a3360cfdf47906929a04b9471a1f5320afe"}},
  2},
 {<<"cowboy">>,{pkg,<<"cowboy">>,<<"2.9.0">>},0},
 {<<"cowlib">>,{pkg,<<"cowlib">>,<<"2.11.0">>},1},
 {<<"datestring">>,
  {git,"https://github.com/strange/datestring.git",
       {ref,"7504bdfe7a4b996692d4c80252a60c609fe6fd61"}},
  0},
 {<<"docopt">>,
  {git,"https://github.com/plux/docopt-erl.git",
       {ref,"4a56f86f7cb31376adec258ee42bc3a01041e92a"}},
  0},
 {<<"ejsonpath">>,
  {git,"https://github.com/ostrovok-team/ejsonpath.git",
       {ref,"056b15bb3fe68a7ffa808deec0e0a5e4a4f7ade1"}},
  0},
 {<<"fast_yaml">>,
  {git,"https://github.com/processone/fast_yaml.git",
       {ref,"ba0b4377d38ee11e52d8fad148a4c480cfa67c3c"}},
  0},
 {<<"fs">>,{pkg,<<"fs">>,<<"6.1.1">>},1},
 {<<"goldrush">>,{pkg,<<"goldrush">>,<<"0.1.9">>},1},
 {<<"gun">>,
  {git,"https://github.com/ninenines/gun.git",
       {ref,"f9175998687678e227bdd49669e2d83f0648fa57"}},
  0},
 {<<"hackney">>,{pkg,<<"hackney">>,<<"1.17.4">>},0},
 {<<"idna">>,{pkg,<<"idna">>,<<"6.1.1">>},1},
 {<<"jsx">>,
  {git,"https://github.com/talentdeficit/jsx.git",
       {ref,"b1289a16ae3fed51b9f722cbfb6f412c3131f540"}},
  0},
 {<<"lager">>,{pkg,<<"lager">>,<<"3.9.1">>},0},
 {<<"meck">>,
  {git,"https://github.com/eproxus/meck.git",
       {ref,"30f845fdc81042851ff1656014aff87f2206072e"}},
  1},
 {<<"metrics">>,{pkg,<<"metrics">>,<<"1.0.1">>},1},
 {<<"mimerl">>,{pkg,<<"mimerl">>,<<"1.2.0">>},1},
 {<<"mock_io">>,
  {git,"https://github.com/marco-m/mock_io.git",
       {ref,"cb30048ffba50d12bd4ee94472c992aa6a23cc65"}},
  1},
 {<<"mustache">>,
  {git,"https://github.com/mojombo/mustache.erl.git",
       {ref,"031c7aa302810424c198aa003aa8cf090150b555"}},
  0},
 {<<"p1_utils">>,{pkg,<<"p1_utils">>,<<"1.0.17">>},1},
 {<<"pa">>,
  {git,"https://github.com/erszcz/pa.git",
       {ref,"84b73c33bc9c95b64ef99cead65278f3a91bc635"}},
  0},
 {<<"parse_trans">>,{pkg,<<"parse_trans">>,<<"3.3.1">>},1},
 {<<"poolboy">>,
  {git,"https://github.com/devinus/poolboy.git",
       {ref,"9212a8770edb149ee7ca0bca353855e215f7cba5"}},
  0},
 {<<"proper">>,
  {git,"https://github.com/manopapad/proper.git",
       {ref,"5f0d69c831b6c9f52535c3d1846efca480f6190d"}},
  1},
 {<<"ranch">>,{pkg,<<"ranch">>,<<"1.8.0">>},1},
 {<<"sf">>,
  {git,"https://github.com/hachreak/sf.git",
       {ref,"80d7652e11bdcd7d751f8280f071fb0e7c2f6261"}},
  2},
 {<<"ssl_verify_fun">>,{pkg,<<"ssl_verify_fun">>,<<"1.1.6">>},1},
 {<<"sync">>,
  {git,"git://github.com/rustyio/sync.git",
       {ref,"7c9367e73b7dbb01a788f8d0120d747330112f6f"}},
  0},
 {<<"unicode_util_compat">>,{pkg,<<"unicode_util_compat">>,<<"0.7.0">>},1},
 {<<"uuid">>,
  {git,"https://github.com/avtobiff/erlang-uuid.git",
       {ref,"cb02a2039a9b29dd2eef0446039c9c6e164df9ef"}},
  0},
 {<<"yamler">>,
  {git,"https://github.com/goertzenator/yamler.git",
       {ref,"b8e9900196c9b8f3dfe8f3abb8996d853c162d2c"}},
  0}]}.
[
{pkg_hash,[
 {<<"certifi">>, <<"DBAB8E5E155A0763EEA978C913CA280A6B544BFA115633FA20249C3D396D9493">>},
 {<<"cowboy">>, <<"865DD8B6607E14CF03282E10E934023A1BD8BE6F6BACF921A7E2A96D800CD452">>},
 {<<"cowlib">>, <<"0B9FF9C346629256C42EBE1EEB769A83C6CB771A6EE5960BD110AB0B9B872063">>},
 {<<"fs">>, <<"9D147B944D60CFA48A349F12D06C8EE71128F610C90870BDF9A6773206452ED0">>},
 {<<"goldrush">>, <<"F06E5D5F1277DA5C413E84D5A2924174182FB108DABB39D5EC548B27424CD106">>},
 {<<"hackney">>, <<"99DA4674592504D3FB0CFEF0DB84C3BA02B4508BAE2DFF8C0108BAA0D6E0977C">>},
 {<<"idna">>, <<"8A63070E9F7D0C62EB9D9FCB360A7DE382448200FBBD1B106CC96D3D8099DF8D">>},
 {<<"lager">>, <<"5885BC71308CD38F9D025C8ECDE4E5CCE1CE8565F80BFC6199865C845D6DBE95">>},
 {<<"metrics">>, <<"25F094DEA2CDA98213CECC3AEFF09E940299D950904393B2A29D191C346A8486">>},
 {<<"mimerl">>, <<"67E2D3F571088D5CFD3E550C383094B47159F3EEE8FFA08E64106CDF5E981BE3">>},
 {<<"p1_utils">>, <<"563449D130B7D37426DCAD38815944356B2716713A70E16ABB82E3410EDC2C72">>},
 {<<"parse_trans">>, <<"16328AB840CC09919BD10DAB29E431DA3AF9E9E7E7E6F0089DD5A2D2820011D8">>},
 {<<"ranch">>, <<"8C7A100A139FD57F17327B6413E4167AC559FBC04CA7448E9BE9057311597A1D">>},
 {<<"ssl_verify_fun">>, <<"CF344F5692C82D2CD7554F5EC8FD961548D4FD09E7D22F5B62482E5AEAEBD4B0">>},
 {<<"unicode_util_compat">>, <<"BC84380C9AB48177092F43AC89E4DFA2C6D62B40B8BD132B1059ECC7232F9A78">>}]},
{pkg_hash_ext,[
 {<<"certifi">>, <<"524C97B4991B3849DD5C17A631223896272C6B0AF446778BA4675A1DFF53BB7E">>},
 {<<"cowboy">>, <<"2C729F934B4E1AA149AFF882F57C6372C15399A20D54F65C8D67BEF583021BDE">>},
 {<<"cowlib">>, <<"2B3E9DA0B21C4565751A6D4901C20D1B4CC25CBB7FD50D91D2AB6DD287BC86A9">>},
 {<<"fs">>, <<"EF94E95FFE79916860649FED80AC62B04C322B0BB70F5128144C026B4D171F8B">>},
 {<<"goldrush">>, <<"99CB4128CFFCB3227581E5D4D803D5413FA643F4EB96523F77D9E6937D994CEB">>},
 {<<"hackney">>, <<"DE16FF4996556C8548D512F4DBE22DD58A587BF3332E7FD362430A7EF3986B16">>},
 {<<"idna">>, <<"92376EB7894412ED19AC475E4A86F7B413C1B9FBB5BD16DCCD57934157944CEA">>},
 {<<"lager">>, <<"3F59BA75A04A99E5F18BF91C89F46DCE536F83C6CB415FE26E6E75A62BEF37DC">>},
 {<<"metrics">>, <<"69B09ADDDC4F74A40716AE54D140F93BEB0FB8978D8636EADED0C31B6F099F16">>},
 {<<"mimerl">>, <<"F278585650AA581986264638EBF698F8BB19DF297F66AD91B18910DFC6E19323">>},
 {<<"p1_utils">>, <<"7CFA9BCB00081EFE8808D596DBC1A3B50A062E06DD766C6F078A3B9215D60A0C">>},
 {<<"parse_trans">>, <<"07CD9577885F56362D414E8C4C4E6BDF10D43A8767ABB92D24CBE8B24C54888B">>},
 {<<"ranch">>, <<"49FBCFD3682FAB1F5D109351B61257676DA1A2FDBE295904176D5E521A2DDFE5">>},
 {<<"ssl_verify_fun">>, <<"BDB0D2471F453C88FF3908E7686F86F9BE327D065CC1EC16FA4540197EA04680">>},
 {<<"unicode_util_compat">>, <<"25EEE6D67DF61960CF6A794239566599B09E17E668D3700247BC498638152521">>}]}
].
