{"1.2.0",
[{<<"accept">>,{pkg,<<"accept">>,<<"0.3.5">>},2},
 {<<"bear">>,{pkg,<<"bear">>,<<"1.0.0">>},2},
 {<<"cedb">>,
  {git,"https://github.com/hachreak/cedb.git",
       {ref,"b1b4768c3d8b954d339a607e202dcceb757b71b3"}},
  1},
 {<<"color">>,
  {git,"https://github.com/julianduque/erlang-color.git",
       {ref,"2e538a3360cfdf47906929a04b9471a1f5320afe"}},
  2},
 {<<"cowboy">>,{pkg,<<"cowboy">>,<<"2.10.0">>},0},
 {<<"cowlib">>,{pkg,<<"cowlib">>,<<"2.12.1">>},1},
 {<<"datestring">>,
  {git,"https://github.com/strange/datestring.git",
       {ref,"7504bdfe7a4b996692d4c80252a60c609fe6fd61"}},
  0},
 {<<"docopt">>,
  {git,"https://github.com/plux/docopt-erl.git",
       {ref,"4a56f86f7cb31376adec258ee42bc3a01041e92a"}},
  0},
 {<<"egherkin">>,
  {git,"https://github.com/jagguli/egherkin.git",
       {ref,"89bcbad765d59b0338c069949ff45f1fcebddd4f"}},
  0},
 {<<"ejsonpath">>,
  {git,"https://github.com/ostrovok-team/ejsonpath.git",
       {ref,"056b15bb3fe68a7ffa808deec0e0a5e4a4f7ade1"}},
  0},
 {<<"erlcron">>,{pkg,<<"erlcron">>,<<"1.2.3">>},0},
 {<<"exometer_core">>,{pkg,<<"exometer_core">>,<<"1.6.2">>},0},
 {<<"fast_yaml">>,
  {git,"https://github.com/processone/fast_yaml.git",
       {ref,"ba0b4377d38ee11e52d8fad148a4c480cfa67c3c"}},
  0},
 {<<"folsom">>,{pkg,<<"folsom">>,<<"1.0.0">>},1},
 {<<"gun">>,{pkg,<<"gun">>,<<"2.0.0">>},0},
 {<<"hut">>,{pkg,<<"hut">>,<<"1.3.0">>},1},
 {<<"iso8601">>,
  {git,"https://github.com/erlsci/iso8601.git",
       {ref,"fdb0fd12d729c53f4ae6f8c2f893fd6698b8b10e"}},
  1},
 {<<"jsx">>,
  {git,"https://github.com/talentdeficit/jsx.git",
       {ref,"b1289a16ae3fed51b9f722cbfb6f412c3131f540"}},
  0},
 {<<"meck">>,
  {git,"https://github.com/eproxus/meck.git",
       {ref,"30f845fdc81042851ff1656014aff87f2206072e"}},
  1},
 {<<"metrics">>,{pkg,<<"metrics">>,<<"2.5.0">>},0},
 {<<"mock_io">>,
  {git,"https://github.com/marco-m/mock_io.git",
       {ref,"cb30048ffba50d12bd4ee94472c992aa6a23cc65"}},
  1},
 {<<"mustache">>,
  {git,"https://github.com/mojombo/mustache.erl.git",
       {ref,"031c7aa302810424c198aa003aa8cf090150b555"}},
  0},
 {<<"p1_utils">>,{pkg,<<"p1_utils">>,<<"1.0.17">>},1},
 {<<"pa">>,
  {git,"https://github.com/erszcz/pa.git",
       {ref,"84b73c33bc9c95b64ef99cead65278f3a91bc635"}},
  0},
 {<<"parse_trans">>,{pkg,<<"parse_trans">>,<<"3.4.1">>},1},
 {<<"poolboy">>,
  {git,"https://github.com/devinus/poolboy.git",
       {ref,"9212a8770edb149ee7ca0bca353855e215f7cba5"}},
  0},
 {<<"prometheus">>,{pkg,<<"prometheus">>,<<"4.10.0">>},2},
 {<<"prometheus_cowboy">>,{pkg,<<"prometheus_cowboy">>,<<"0.1.8">>},0},
 {<<"prometheus_httpd">>,{pkg,<<"prometheus_httpd">>,<<"2.1.11">>},1},
 {<<"proper">>,
  {git,"https://github.com/manopapad/proper.git",
       {ref,"5f0d69c831b6c9f52535c3d1846efca480f6190d"}},
  1},
 {<<"quantile_estimator">>,{pkg,<<"quantile_estimator">>,<<"0.2.1">>},3},
 {<<"ranch">>,{pkg,<<"ranch">>,<<"1.8.0">>},1},
 {<<"recon">>,{pkg,<<"recon">>,<<"2.5.4">>},0},
 {<<"setup">>,{pkg,<<"setup">>,<<"2.1.0">>},1},
 {<<"sf">>,
  {git,"https://github.com/hachreak/sf.git",
       {ref,"80d7652e11bdcd7d751f8280f071fb0e7c2f6261"}},
  2},
 {<<"uuid">>,
  {git,"https://github.com/avtobiff/erlang-uuid.git",
       {ref,"cb02a2039a9b29dd2eef0446039c9c6e164df9ef"}},
  0}]}.
[
{pkg_hash,[
 {<<"accept">>, <<"B33B127ABCA7CC948BBE6CAA4C263369ABF1347CFA9D8E699C6D214660F10CD1">>},
 {<<"bear">>, <<"430419C1126B477686CDE843E88BA0F2C7DC5CDF0881C677500074F704339A99">>},
 {<<"cowboy">>, <<"FF9FFEFF91DAE4AE270DD975642997AFE2A1179D94B1887863E43F681A203E26">>},
 {<<"cowlib">>, <<"A9FA9A625F1D2025FE6B462CB865881329B5CAFF8F1854D1CBC9F9533F00E1E1">>},
 {<<"erlcron">>, <<"0A3EC55ABC36B0B7B29EE6BE5797F9B84E6581903D886EDECDF54C88ECA20107">>},
 {<<"exometer_core">>, <<"E480FBD9CF3BECFCA15805BDD42C39CD855CF701C2F0204BAD9C096C74FDCAA8">>},
 {<<"folsom">>, <<"50ECC998D2149939F1D5E0AA3E32788F8ED16A58E390D81B5C0BE4CC4EF25589">>},
 {<<"gun">>, <<"2326BC0FD6D9CF628419708270D6FE8B02B8D002CF992E4165A77D997B1DEFD0">>},
 {<<"hut">>, <<"71F2F054E657C03F959CF1ACC43F436EA87580696528CA2A55C8AFB1B06C85E7">>},
 {<<"metrics">>, <<"268D218D56529CB5F070D74BBFC3AF64C668379B5B18FAFDA88959442F790C57">>},
 {<<"p1_utils">>, <<"563449D130B7D37426DCAD38815944356B2716713A70E16ABB82E3410EDC2C72">>},
 {<<"parse_trans">>, <<"6E6AA8167CB44CC8F39441D05193BE6E6F4E7C2946CB2759F015F8C56B76E5FF">>},
 {<<"prometheus">>, <<"792ADBF0130FF61B5FA8826F013772AF24B6E57B984445C8D602C8A0355704A1">>},
 {<<"prometheus_cowboy">>, <<"CFCE0BC7B668C5096639084FCD873826E6220EA714BF60A716F5BD080EF2A99C">>},
 {<<"prometheus_httpd">>, <<"F616ED9B85B536B195D94104063025A91F904A4CFC20255363F49A197D96C896">>},
 {<<"quantile_estimator">>, <<"EF50A361F11B5F26B5F16D0696E46A9E4661756492C981F7B2229EF42FF1CD15">>},
 {<<"ranch">>, <<"8C7A100A139FD57F17327B6413E4167AC559FBC04CA7448E9BE9057311597A1D">>},
 {<<"recon">>, <<"05DD52A119EE4059FA9DAA1AB7CE81BC7A8161A2F12E9D42E9D551FFD2BA901C">>},
 {<<"setup">>, <<"05F69185A5EB71474C9BC6BA892565651EC7507791F85632B7B914DBFE130510">>}]},
{pkg_hash_ext,[
 {<<"accept">>, <<"11B18C220BCC2EAB63B5470C038EF10EB6783BCB1FCDB11AA4137DEFA5AC1BB8">>},
 {<<"bear">>, <<"157B67901ADF84FF0DA6EAE035CA1292A0AC18AA55148154D8C582B2C68959DB">>},
 {<<"cowboy">>, <<"3AFDCCB7183CC6F143CB14D3CF51FA00E53DB9EC80CDCD525482F5E99BC41D6B">>},
 {<<"cowlib">>, <<"163B73F6367A7341B33C794C4E88E7DBFE6498AC42DCD69EF44C5BC5507C8DB0">>},
 {<<"erlcron">>, <<"B847C0AEE1046E0ED52301FF147692523A9E49C336BA63BA7EE4AE5DBFDB46E0">>},
 {<<"exometer_core">>, <<"287F9ADA56961933D8DF913CC140BB0BDCFF2545E33AB94D04B668E09626E297">>},
 {<<"folsom">>, <<"DD6AB97278E94F9E4CFC43E188224A7B8C7EAEC0DD2E935007005177F3EEBB0E">>},
 {<<"gun">>, <<"6613CB7C62930DC8D58263C44DDA72F8556346BA88358FC929DCBC5F76D04569">>},
 {<<"hut">>, <<"7E15D28555D8A1F2B5A3A931EC120AF0753E4853A4C66053DB354F35BF9AB563">>},
 {<<"metrics">>, <<"AE061938C8C3BDE97D17BE9A792B63E15C1E1EFFE16598AB87A62384F5F3714B">>},
 {<<"p1_utils">>, <<"7CFA9BCB00081EFE8808D596DBC1A3B50A062E06DD766C6F078A3B9215D60A0C">>},
 {<<"parse_trans">>, <<"620A406CE75DADA827B82E453C19CF06776BE266F5A67CFF34E1EF2CBB60E49A">>},
 {<<"prometheus">>, <<"2A99BB6DCE85E238C7236FDE6B0064F9834DC420DDBD962AAC4EA2A3C3D59384">>},
 {<<"prometheus_cowboy">>, <<"BA286BECA9302618418892D37BCD5DC669A6CC001F4EB6D6AF85FF81F3F4F34C">>},
 {<<"prometheus_httpd">>, <<"0BBE831452CFDF9588538EB2F570B26F30C348ADAE5E95A7D87F35A5910BCF92">>},
 {<<"quantile_estimator">>, <<"282A8A323CA2A845C9E6F787D166348F776C1D4A41EDE63046D72D422E3DA946">>},
 {<<"ranch">>, <<"49FBCFD3682FAB1F5D109351B61257676DA1A2FDBE295904176D5E521A2DDFE5">>},
 {<<"recon">>, <<"E9AB01AC7FC8572E41EB59385EFEB3FB0FF5BF02103816535BACAEDF327D0263">>},
 {<<"setup">>, <<"EFD072578F0CF85BEA96CAAFFC7ADB0992398272522660A136E10567377071C5">>}]}
].
