{"1.2.0",
[{<<"accept">>,{pkg,<<"accept">>,<<"0.3.5">>},2},
 {<<"base58">>,
  {git,"https://github.com/aeternity/erl-base58.git",
       {ref,"becd654c8bae9f2a78585fafb9f9bce2506df9ca"}},
  0},
 {<<"bcrypt">>,
  {git,"https://github.com/erlangpack/bcrypt.git",
       {ref,"564b39e2f86a0e3d8ca08dcd1aae924acffe1408"}},
  0},
 {<<"cedb">>,
  {git,"https://github.com/hachreak/cedb.git",
       {ref,"b1b4768c3d8b954d339a607e202dcceb757b71b3"}},
  1},
 {<<"certifi">>,{pkg,<<"certifi">>,<<"2.13.0">>},0},
 {<<"color">>,
  {git,"https://github.com/jagguli/erlang-color.git",
       {ref,"2e538a3360cfdf47906929a04b9471a1f5320afe"}},
  0},
 {<<"cowboy">>,{pkg,<<"cowboy">>,<<"2.12.0">>},0},
 {<<"cowboy_swagger">>,{pkg,<<"cowboy_swagger">>,<<"2.7.0">>},0},
 {<<"cowboy_telemetry">>,{pkg,<<"cowboy_telemetry">>,<<"0.4.0">>},1},
 {<<"cowlib">>,{pkg,<<"cowlib">>,<<"2.13.0">>},1},
 {<<"date_util">>,
  {git,"https://github.com/jagguli/date_util.git",
       {ref,"5a5d0b6c9ef315568a5a9c699e06079312b1bcc7"}},
  0},
 {<<"datestring">>,
  {git,"https://github.com/strange/datestring.git",
       {ref,"7504bdfe7a4b996692d4c80252a60c609fe6fd61"}},
  0},
 {<<"docopt">>,
  {git,"https://github.com/plux/docopt-erl.git",
       {ref,"4a56f86f7cb31376adec258ee42bc3a01041e92a"}},
  0},
 {<<"egherkin">>,
  {git,"https://github.com/jagguli/egherkin.git",
       {ref,"a770d9d081f01bda147746fa5218eea4be044c56"}},
  0},
 {<<"ejsonpath">>,
  {git,"https://github.com/ostrovok-team/ejsonpath.git",
       {ref,"056b15bb3fe68a7ffa808deec0e0a5e4a4f7ade1"}},
  0},
 {<<"erlcron">>,{pkg,<<"erlcron">>,<<"1.2.3">>},0},
 {<<"erlexec">>,{pkg,<<"erlexec">>,<<"2.0.6">>},0},
 {<<"fast_yaml">>,{pkg,<<"fast_yaml">>,<<"1.0.37">>},0},
 {<<"fs">>,{pkg,<<"fs">>,<<"6.1.1">>},1},
 {<<"gen_smtp">>,{pkg,<<"gen_smtp">>,<<"1.2.0">>},0},
 {<<"gproc">>,{pkg,<<"gproc">>,<<"1.0.0">>},0},
 {<<"gun">>,{pkg,<<"gun">>,<<"2.1.0">>},0},
 {<<"hamcrest">>,
  {git,"https://github.com/basho/hamcrest-erlang.git",
       {ref,"ad3dbab419762fc2d5821abb88b989da006b85c6"}},
  2},
 {<<"iso8601">>,
  {git,"https://github.com/erlsci/iso8601.git",
       {ref,"b171ba78f474029ddefebb07daacf05894fec26c"}},
  1},
 {<<"jsx">>,{pkg,<<"jsx">>,<<"3.1.0">>},0},
 {<<"meck">>,
  {git,"https://github.com/eproxus/meck.git",
       {ref,"dfb47c544bdf14b5c26ff2651cf9339dbbe2f50e"}},
  1},
 {<<"mock_io">>,
  {git,"https://github.com/marco-m/mock_io.git",
       {ref,"cb30048ffba50d12bd4ee94472c992aa6a23cc65"}},
  1},
 {<<"mustache">>,
  {git,"https://github.com/mojombo/mustache.erl.git",
       {ref,"031c7aa302810424c198aa003aa8cf090150b555"}},
  0},
 {<<"oauth2">>,
  {git,"https://github.com/kivra/oauth2.git",
       {ref,"c8e77e0830bc39ff44740f9f5df4a722e3573091"}},
  0},
 {<<"opentelemetry_api">>,{pkg,<<"opentelemetry_api">>,<<"1.3.0">>},1},
 {<<"opentelemetry_cowboy">>,{pkg,<<"opentelemetry_cowboy">>,<<"0.3.0">>},0},
 {<<"opentelemetry_semantic_conventions">>,
  {pkg,<<"opentelemetry_semantic_conventions">>,<<"0.2.0">>},
  2},
 {<<"opentelemetry_telemetry">>,
  {pkg,<<"opentelemetry_telemetry">>,<<"1.1.1">>},
  1},
 {<<"p1_utils">>,{pkg,<<"p1_utils">>,<<"1.0.26">>},1},
 {<<"pa">>,
  {git,"https://github.com/erszcz/pa.git",
       {ref,"84b73c33bc9c95b64ef99cead65278f3a91bc635"}},
  0},
 {<<"poolboy">>,
  {git,"https://github.com/devinus/poolboy.git",
       {ref,"9212a8770edb149ee7ca0bca353855e215f7cba5"}},
  0},
 {<<"prometheus">>,{pkg,<<"prometheus">>,<<"4.11.0">>},2},
 {<<"prometheus_cowboy">>,{pkg,<<"prometheus_cowboy">>,<<"0.1.8">>},0},
 {<<"prometheus_httpd">>,{pkg,<<"prometheus_httpd">>,<<"2.1.11">>},1},
 {<<"proper">>,
  {git,"https://github.com/manopapad/proper.git",
       {ref,"5f0d69c831b6c9f52535c3d1846efca480f6190d"}},
  1},
 {<<"quantile_estimator">>,{pkg,<<"quantile_estimator">>,<<"0.2.1">>},3},
 {<<"ranch">>,{pkg,<<"ranch">>,<<"1.8.0">>},1},
 {<<"recon">>,{pkg,<<"recon">>,<<"2.5.5">>},0},
 {<<"riak_pb">>,
  {git,"https://github.com/basho/riak_pb",
       {ref,"08771aba2ce4935b715d32d1b92555efdc3da994"}},
  1},
 {<<"riakc">>,
  {git,"https://github.com/jagguli/riak-erlang-client.git",
       {ref,"a8ade5dc7ef8ad0c4a2b3fa2223f84ba9993f5fe"}},
  0},
 {<<"sf">>,
  {git,"https://github.com/hachreak/sf.git",
       {ref,"926a7200feae858c5016251f5ac222eac0d17ae5"}},
  2},
 {<<"stdout_formatter">>,{pkg,<<"stdout_formatter">>,<<"0.2.4">>},0},
 {<<"sync">>,
  {git,"https://github.com/rustyio/sync.git",
       {ref,"7dc303ed4ce8d26db82e171dbbd7c41067852c65"}},
  0},
 {<<"telemetry">>,{pkg,<<"telemetry">>,<<"1.2.1">>},1},
 {<<"throttle">>,
  {git,"https://github.com/lambdaclass/throttle.git",
       {ref,"4f5fb17c9d4a86ba016e7011648ae5dfe539ac01"}},
  0},
 {<<"trails">>,{pkg,<<"trails">>,<<"2.3.1">>},0},
 {<<"uuid">>,
  {git,"https://github.com/avtobiff/erlang-uuid.git",
       {ref,"cb02a2039a9b29dd2eef0446039c9c6e164df9ef"}},
  0},
 {<<"webdrv">>,
  {git,"https://github.com/jagguli/webdrv.git",
       {ref,"d1e2431fd2db351e10a9dee9c822a0dc38c43cd9"}},
  0}]}.
[
{pkg_hash,[
 {<<"accept">>, <<"B33B127ABCA7CC948BBE6CAA4C263369ABF1347CFA9D8E699C6D214660F10CD1">>},
 {<<"certifi">>, <<"E52BE248590050B2DD33B0BB274B56678F9068E67805DCA8AA8B1CCDB016BBF6">>},
 {<<"cowboy">>, <<"F276D521A1FF88B2B9B4C54D0E753DA6C66DD7BE6C9FCA3D9418B561828A3731">>},
 {<<"cowboy_swagger">>, <<"163091DB15BFCFA592CBA0E083E386D0DEC84D43CCF5E542238125E50B1A024B">>},
 {<<"cowboy_telemetry">>, <<"F239F68B588EFA7707ABCE16A84D0D2ACF3A0F50571F8BB7F56A15865AAE820C">>},
 {<<"cowlib">>, <<"DB8F7505D8332D98EF50A3EF34B34C1AFDDEC7506E4EE4DD4A3A266285D282CA">>},
 {<<"erlcron">>, <<"0A3EC55ABC36B0B7B29EE6BE5797F9B84E6581903D886EDECDF54C88ECA20107">>},
 {<<"erlexec">>, <<"B7443121CFB8ADD8BC25E3DB9C1FD79D14613BBC406984264A0BBC62F121F377">>},
 {<<"fast_yaml">>, <<"F71D472FBF787CCD161B914D1EB486116A0F4F2E835337A378FBD31B59D2E74B">>},
 {<<"fs">>, <<"9D147B944D60CFA48A349F12D06C8EE71128F610C90870BDF9A6773206452ED0">>},
 {<<"gen_smtp">>, <<"9CFC75C72A8821588B9B9FE947AE5AB2AED95A052B81237E0928633A13276FD3">>},
 {<<"gproc">>, <<"AA9EC57F6C9FF065B16D96924168D7C7157CD1FD457680EFE4B1274F456FA500">>},
 {<<"gun">>, <<"B4E4CBBF3026D21981C447E9E7CA856766046EFF693720BA43114D7F5DE36E87">>},
 {<<"jsx">>, <<"D12516BAA0BB23A59BB35DCCAF02A1BD08243FCBB9EFE24F2D9D056CCFF71268">>},
 {<<"opentelemetry_api">>, <<"03E2177F28DD8D11AAA88E8522C81C2F6A788170FE52F7A65262340961E663F9">>},
 {<<"opentelemetry_cowboy">>, <<"0144B211FA6CDA0E6211C340CEBD1BBD9158E350099EA3BF3D838F993CB4B90E">>},
 {<<"opentelemetry_semantic_conventions">>, <<"B67FE459C2938FCAB341CB0951C44860C62347C005ACE1B50F8402576F241435">>},
 {<<"opentelemetry_telemetry">>, <<"4A73BFA29D7780FFE33DB345465919CEF875034854649C37AC789EB8E8F38B21">>},
 {<<"p1_utils">>, <<"67B0C4AC9FA3BA3EF563B31AA111B0A004439A37FAC85E027F1C3617E1C7EC6C">>},
 {<<"prometheus">>, <<"B95F8DE8530F541BD95951E18E355A840003672E5EDA4788C5FA6183406BA29A">>},
 {<<"prometheus_cowboy">>, <<"CFCE0BC7B668C5096639084FCD873826E6220EA714BF60A716F5BD080EF2A99C">>},
 {<<"prometheus_httpd">>, <<"F616ED9B85B536B195D94104063025A91F904A4CFC20255363F49A197D96C896">>},
 {<<"quantile_estimator">>, <<"EF50A361F11B5F26B5F16D0696E46A9E4661756492C981F7B2229EF42FF1CD15">>},
 {<<"ranch">>, <<"8C7A100A139FD57F17327B6413E4167AC559FBC04CA7448E9BE9057311597A1D">>},
 {<<"recon">>, <<"C108A4C406FA301A529151A3BB53158CADC4064EC0C5F99B03DDB8C0E4281BDF">>},
 {<<"stdout_formatter">>, <<"D9394AB3F5ADCDA97A4B8B1C0B798DCB286B07913C4020EA7F78C88723FB145E">>},
 {<<"telemetry">>, <<"68FDFE8D8F05A8428483A97D7AAB2F268AAFF24B49E0F599FAA091F1D4E7F61C">>},
 {<<"trails">>, <<"BB940CD0D5187A8FB0BB05F3DB575B5A1CAC20A980EDACE092CA2033AACD0BAB">>}]},
{pkg_hash_ext,[
 {<<"accept">>, <<"11B18C220BCC2EAB63B5470C038EF10EB6783BCB1FCDB11AA4137DEFA5AC1BB8">>},
 {<<"certifi">>, <<"8F3D9533A0F06070AFDFD5D596B32E21C6580667A492891851B0E2737BC507A1">>},
 {<<"cowboy">>, <<"8A7ABE6D183372CEB21CAA2709BEC928AB2B72E18A3911AA1771639BEF82651E">>},
 {<<"cowboy_swagger">>, <<"DCD5ADEE2FED2B39E99F06070D080EB051CB981A411103099034931F94E15F62">>},
 {<<"cowboy_telemetry">>, <<"7D98BAC1EE4565D31B62D59F8823DFD8356A169E7FCBB83831B8A5397404C9DE">>},
 {<<"cowlib">>, <<"E1E1284DC3FC030A64B1AD0D8382AE7E99DA46C3246B815318A4B848873800A4">>},
 {<<"erlcron">>, <<"B847C0AEE1046E0ED52301FF147692523A9E49C336BA63BA7EE4AE5DBFDB46E0">>},
 {<<"erlexec">>, <<"8C4EBC02449F838648D9854D1C4DC7257E57D4EA2098A7E6386348372085AB21">>},
 {<<"fast_yaml">>, <<"8DE868721BF7E2172414F7D3148EDE0F3C922B496455CD625DD5C4429515A769">>},
 {<<"fs">>, <<"EF94E95FFE79916860649FED80AC62B04C322B0BB70F5128144C026B4D171F8B">>},
 {<<"gen_smtp">>, <<"5EE0375680BCA8F20C4D85F58C2894441443A743355430FF33A783FE03296779">>},
 {<<"gproc">>, <<"109F253C2787DE8A371A51179D4973230CBEC6239EE673FA12216A5CE7E4F902">>},
 {<<"gun">>, <<"52FC7FC246BFC3B00E01AEA1C2854C70A366348574AB50C57DFE796D24A0101D">>},
 {<<"jsx">>, <<"0C5CC8FDC11B53CC25CF65AC6705AD39E54ECC56D1C22E4ADB8F5A53FB9427F3">>},
 {<<"opentelemetry_api">>, <<"B9E5FF775FD064FA098DBA3C398490B77649A352B40B0B730A6B7DC0BDD68858">>},
 {<<"opentelemetry_cowboy">>, <<"4F44537B4C7430018198D480F55BC88A40F7D0582C3AD927A5BAB4CEB39E80EA">>},
 {<<"opentelemetry_semantic_conventions">>, <<"D61FA1F5639EE8668D74B527E6806E0503EFC55A42DB7B5F39939D84C07D6895">>},
 {<<"opentelemetry_telemetry">>, <<"EE43B14E6866123A3EE1344E3C0D3D7591F4537542C2A925FCDBF46249C9B50B">>},
 {<<"p1_utils">>, <<"D0379E8C1156B98BD64F8129C1DE022FCCA4F2FDB7486CE73BF0ED2C3376B04C">>},
 {<<"prometheus">>, <<"719862351AABF4DF7079B05DC085D2BBCBE3AC0AC3009E956671B1D5AB88247D">>},
 {<<"prometheus_cowboy">>, <<"BA286BECA9302618418892D37BCD5DC669A6CC001F4EB6D6AF85FF81F3F4F34C">>},
 {<<"prometheus_httpd">>, <<"0BBE831452CFDF9588538EB2F570B26F30C348ADAE5E95A7D87F35A5910BCF92">>},
 {<<"quantile_estimator">>, <<"282A8A323CA2A845C9E6F787D166348F776C1D4A41EDE63046D72D422E3DA946">>},
 {<<"ranch">>, <<"49FBCFD3682FAB1F5D109351B61257676DA1A2FDBE295904176D5E521A2DDFE5">>},
 {<<"recon">>, <<"632A6F447DF7CCC1A4A10BDCFCE71514412B16660FE59DECA0FCF0AA3C054404">>},
 {<<"stdout_formatter">>, <<"51F1DF921B0477275EA712763042155DBC74ACC75D9648DBD54985C45C913B29">>},
 {<<"telemetry">>, <<"DAD9CE9D8EFFC621708F99EAC538EF1CBE05D6A874DD741DE2E689C47FEAFED5">>},
 {<<"trails">>, <<"1006E38E09BA095AE77DD9A50BB3E8EBDB8DC31ECBC5BF276C3D848C15D7079B">>}]}
].
